
Microsoft Visual Studio Solution File, Format Version 12.00
# Visual Studio Version 17
VisualStudioVersion = 17.14.36603.0 d17.14
MinimumVisualStudioVersion = 10.0.40219.1
Project("{FAE04EC0-301F-11D3-BF4B-00C04F79EFBC}") = "mi proyecto", "mi proyecto\mi proyecto.csproj", "{A1F40F74-BB9E-463A-ADE9-240AF2CC8BC2}"
EndProject
Global
	GlobalSection(SolutionConfigurationPlatforms) = preSolution
		Debug|Any CPU = Debug|Any CPU
		Release|Any CPU = Release|Any CPU
	EndGlobalSection
	GlobalSection(ProjectConfigurationPlatforms) = postSolution
		{A1F40F74-BB9E-463A-ADE9-240AF2CC8BC2}.Debug|Any CPU.ActiveCfg = Debug|Any CPU
		{A1F40F74-BB9E-463A-ADE9-240AF2CC8BC2}.Debug|Any CPU.Build.0 = Debug|Any CPU
		{A1F40F74-BB9E-463A-ADE9-240AF2CC8BC2}.Release|Any CPU.ActiveCfg = Release|Any CPU
		{A1F40F74-BB9E-463A-ADE9-240AF2CC8BC2}.Release|Any CPU.Build.0 = Release|Any CPU
	EndGlobalSection
	GlobalSection(SolutionProperties) = preSolution
		HideSolutionNode = FALSE
	EndGlobalSection
	GlobalSection(ExtensibilityGlobals) = postSolution
		SolutionGuid = {10A9F301-7051-40FD-A121-8F3C45FEE380}
	EndGlobalSection
EndGlobal
